
Microsoft Visual Studio Solution File, Format Version 12.00
# Visual Studio Version 17
VisualStudioVersion = 17.11.35312.102
MinimumVisualStudioVersion = 10.0.40219.1
Project("{FAE04EC0-301F-11D3-BF4B-00C04F79EFBC}") = "Microservicio_Infonet", "Microservicio_Infonet\Microservicio_Infonet.csproj", "{3A256F6B-F493-425F-A284-B447AB0D12D3}"
EndProject
Global
	GlobalSection(SolutionConfigurationPlatforms) = preSolution
		Debug|Any CPU = Debug|Any CPU
		Release|Any CPU = Release|Any CPU
	EndGlobalSection
	GlobalSection(ProjectConfigurationPlatforms) = postSolution
		{3A256F6B-F493-425F-A284-B447AB0D12D3}.Debug|Any CPU.ActiveCfg = Debug|Any CPU
		{3A256F6B-F493-425F-A284-B447AB0D12D3}.Debug|Any CPU.Build.0 = Debug|Any CPU
		{3A256F6B-F493-425F-A284-B447AB0D12D3}.Release|Any CPU.ActiveCfg = Release|Any CPU
		{3A256F6B-F493-425F-A284-B447AB0D12D3}.Release|Any CPU.Build.0 = Release|Any CPU
	EndGlobalSection
	GlobalSection(SolutionProperties) = preSolution
		HideSolutionNode = FALSE
	EndGlobalSection
	GlobalSection(ExtensibilityGlobals) = postSolution
		SolutionGuid = {C4EC6BBE-473C-4FFC-A3CF-0EC6B89101AD}
	EndGlobalSection
EndGlobal
